// !$*UTF8*$!
{
	archiveVersion = 1;
	classes = {
	};
	objectVersion = 77;
	objects = {

/* Begin PBXBuildFile section */
		6094E0C12F0C9A5F002BA721 /* QuickSelect Extension.appex in Embed Foundation Extensions */ = {isa = PBXBuildFile; fileRef = 6094E0C02F0C9A5F002BA721 /* QuickSelect Extension.appex */; settings = {ATTRIBUTES = (RemoveHeadersOnCopy, ); }; };
		6094E0CB2F0C9A5F002BA721 /* QuickSelect Extension.appex in Embed Foundation Extensions */ = {isa = PBXBuildFile; fileRef = 6094E0CA2F0C9A5F002BA721 /* QuickSelect Extension.appex */; settings = {ATTRIBUTES = (RemoveHeadersOnCopy, ); }; };
/* End PBXBuildFile section */

/* Begin PBXContainerItemProxy section */
		6094E0C22F0C9A5F002BA721 /* PBXContainerItemProxy */ = {
			isa = PBXContainerItemProxy;
			containerPortal = 6094E0872F0C9A5D002BA721 /* Project object */;
			proxyType = 1;
			remoteGlobalIDString = 6094E0BF2F0C9A5F002BA721;
			remoteInfo = "QuickSelect Extension (iOS)";
		};
		6094E0CC2F0C9A5F002BA721 /* PBXContainerItemProxy */ = {
			isa = PBXContainerItemProxy;
			containerPortal = 6094E0872F0C9A5D002BA721 /* Project object */;
			proxyType = 1;
			remoteGlobalIDString = 6094E0C92F0C9A5F002BA721;
			remoteInfo = "QuickSelect Extension (macOS)";
		};
/* End PBXContainerItemProxy section */

/* Begin PBXCopyFilesBuildPhase section */
		6094E0F32F0C9A5F002BA721 /* Embed Foundation Extensions */ = {
			isa = PBXCopyFilesBuildPhase;
			buildActionMask = 2147483647;
			dstPath = "";
			dstSubfolderSpec = 13;
			files = (
				6094E0C12F0C9A5F002BA721 /* QuickSelect Extension.appex in Embed Foundation Extensions */,
			);
			name = "Embed Foundation Extensions";
			runOnlyForDeploymentPostprocessing = 0;
		};
		6094E0FD2F0C9A5F002BA721 /* Embed Foundation Extensions */ = {
			isa = PBXCopyFilesBuildPhase;
			buildActionMask = 2147483647;
			dstPath = "";
			dstSubfolderSpec = 13;
			files = (
				6094E0CB2F0C9A5F002BA721 /* QuickSelect Extension.appex in Embed Foundation Extensions */,
			);
			name = "Embed Foundation Extensions";
			runOnlyForDeploymentPostprocessing = 0;
		};
/* End PBXCopyFilesBuildPhase section */

/* Begin PBXFileReference section */
		6082B8912F187CC300FAE356 /* LICENSE */ = {isa = PBXFileReference; lastKnownFileType = text; path = LICENSE; sourceTree = "<group>"; };
		6082B8922F187CC300FAE356 /* README.md */ = {isa = PBXFileReference; lastKnownFileType = net.daringfireball.markdown; path = README.md; sourceTree = "<group>"; };
		6094E0A32F0C9A5F002BA721 /* QuickSelect.app */ = {isa = PBXFileReference; explicitFileType = wrapper.application; includeInIndex = 0; path = QuickSelect.app; sourceTree = BUILT_PRODUCTS_DIR; };
		6094E0B52F0C9A5F002BA721 /* QuickSelect.app */ = {isa = PBXFileReference; explicitFileType = wrapper.application; includeInIndex = 0; path = QuickSelect.app; sourceTree = BUILT_PRODUCTS_DIR; };
		6094E0C02F0C9A5F002BA721 /* QuickSelect Extension.appex */ = {isa = PBXFileReference; explicitFileType = "wrapper.app-extension"; includeInIndex = 0; path = "QuickSelect Extension.appex"; sourceTree = BUILT_PRODUCTS_DIR; };
		6094E0CA2F0C9A5F002BA721 /* QuickSelect Extension.appex */ = {isa = PBXFileReference; explicitFileType = "wrapper.app-extension"; includeInIndex = 0; path = "QuickSelect Extension.appex"; sourceTree = BUILT_PRODUCTS_DIR; };
/* End PBXFileReference section */

/* Begin PBXFileSystemSynchronizedBuildFileExceptionSet section */
		6094E0EE2F0C9A5F002BA721 /* Exceptions for "Shared (App)" folder in "QuickSelect (iOS)" target */ = {
			isa = PBXFileSystemSynchronizedBuildFileExceptionSet;
			membershipExceptions = (
				"/Localized: Resources/Main.html",
				Assets.xcassets,
				InfoPlist.xcstrings,
				Resources/Icon.png,
				Resources/Script.js,
				Resources/Style.css,
				ViewController.swift,
			);
			target = 6094E0A22F0C9A5F002BA721 /* QuickSelect (iOS) */;
		};
		6094E0F22F0C9A5F002BA721 /* Exceptions for "iOS (Extension)" folder in "QuickSelect Extension (iOS)" target */ = {
			isa = PBXFileSystemSynchronizedBuildFileExceptionSet;
			membershipExceptions = (
				Info.plist,
			);
			target = 6094E0BF2F0C9A5F002BA721 /* QuickSelect Extension (iOS) */;
		};
		6094E0F72F0C9A5F002BA721 /* Exceptions for "iOS (App)" folder in "QuickSelect (iOS)" target */ = {
			isa = PBXFileSystemSynchronizedBuildFileExceptionSet;
			membershipExceptions = (
				Info.plist,
			);
			target = 6094E0A22F0C9A5F002BA721 /* QuickSelect (iOS) */;
		};
		6094E0F82F0C9A5F002BA721 /* Exceptions for "Shared (App)" folder in "QuickSelect (macOS)" target */ = {
			isa = PBXFileSystemSynchronizedBuildFileExceptionSet;
			membershipExceptions = (
				"/Localized: Resources/Main.html",
				Assets.xcassets,
				InfoPlist.xcstrings,
				Resources/Icon.png,
				Resources/Script.js,
				Resources/Style.css,
				ViewController.swift,
			);
			target = 6094E0B42F0C9A5F002BA721 /* QuickSelect (macOS) */;
		};
		6094E0FC2F0C9A5F002BA721 /* Exceptions for "macOS (Extension)" folder in "QuickSelect Extension (macOS)" target */ = {
			isa = PBXFileSystemSynchronizedBuildFileExceptionSet;
			membershipExceptions = (
				Info.plist,
			);
			target = 6094E0C92F0C9A5F002BA721 /* QuickSelect Extension (macOS) */;
		};
		6094E1012F0C9A5F002BA721 /* Exceptions for "Shared (Extension)" folder in "QuickSelect Extension (iOS)" target */ = {
			isa = PBXFileSystemSynchronizedBuildFileExceptionSet;
			membershipExceptions = (
				Resources/_locales,
				Resources/background.js,
				Resources/content.js,
				Resources/images,
				Resources/localization.js,
				Resources/manifest.json,
				Resources/popup.css,
				Resources/popup.html,
				Resources/popup.js,
				"Resources/quickselect-ext.css",
				Resources/utils.js,
				SafariWebExtensionHandler.swift,
			);
			target = 6094E0BF2F0C9A5F002BA721 /* QuickSelect Extension (iOS) */;
		};
		6094E1022F0C9A5F002BA721 /* Exceptions for "Shared (Extension)" folder in "QuickSelect Extension (macOS)" target */ = {
			isa = PBXFileSystemSynchronizedBuildFileExceptionSet;
			membershipExceptions = (
				Resources/_locales,
				Resources/background.js,
				Resources/content.js,
				Resources/images,
				Resources/localization.js,
				Resources/manifest.json,
				Resources/popup.css,
				Resources/popup.html,
				Resources/popup.js,
				"Resources/quickselect-ext.css",
				Resources/utils.js,
				SafariWebExtensionHandler.swift,
			);
			target = 6094E0C92F0C9A5F002BA721 /* QuickSelect Extension (macOS) */;
		};
/* End PBXFileSystemSynchronizedBuildFileExceptionSet section */

/* Begin PBXFileSystemSynchronizedRootGroup section */
		6094E08B2F0C9A5E002BA721 /* Shared (App) */ = {
			isa = PBXFileSystemSynchronizedRootGroup;
			exceptions = (
				6094E0EE2F0C9A5F002BA721 /* Exceptions for "Shared (App)" folder in "QuickSelect (iOS)" target */,
				6094E0F82F0C9A5F002BA721 /* Exceptions for "Shared (App)" folder in "QuickSelect (macOS)" target */,
			);
			path = "Shared (App)";
			sourceTree = "<group>";
		};
		6094E0942F0C9A5F002BA721 /* Shared (Extension) */ = {
			isa = PBXFileSystemSynchronizedRootGroup;
			exceptions = (
				6094E1012F0C9A5F002BA721 /* Exceptions for "Shared (Extension)" folder in "QuickSelect Extension (iOS)" target */,
				6094E1022F0C9A5F002BA721 /* Exceptions for "Shared (Extension)" folder in "QuickSelect Extension (macOS)" target */,
			);
			explicitFolders = (
				Resources/_locales,
				Resources/images,
			);
			path = "Shared (Extension)";
			sourceTree = "<group>";
		};
		6094E0A52F0C9A5F002BA721 /* iOS (App) */ = {
			isa = PBXFileSystemSynchronizedRootGroup;
			exceptions = (
				6094E0F72F0C9A5F002BA721 /* Exceptions for "iOS (App)" folder in "QuickSelect (iOS)" target */,
			);
			path = "iOS (App)";
			sourceTree = "<group>";
		};
		6094E0B62F0C9A5F002BA721 /* macOS (App) */ = {
			isa = PBXFileSystemSynchronizedRootGroup;
			path = "macOS (App)";
			sourceTree = "<group>";
		};
		6094E0C42F0C9A5F002BA721 /* iOS (Extension) */ = {
			isa = PBXFileSystemSynchronizedRootGroup;
			exceptions = (
				6094E0F22F0C9A5F002BA721 /* Exceptions for "iOS (Extension)" folder in "QuickSelect Extension (iOS)" target */,
			);
			path = "iOS (Extension)";
			sourceTree = "<group>";
		};
		6094E0CE2F0C9A5F002BA721 /* macOS (Extension) */ = {
			isa = PBXFileSystemSynchronizedRootGroup;
			exceptions = (
				6094E0FC2F0C9A5F002BA721 /* Exceptions for "macOS (Extension)" folder in "QuickSelect Extension (macOS)" target */,
			);
			path = "macOS (Extension)";
			sourceTree = "<group>";
		};
/* End PBXFileSystemSynchronizedRootGroup section */

/* Begin PBXFrameworksBuildPhase section */
		6094E0A02F0C9A5F002BA721 /* Frameworks */ = {
			isa = PBXFrameworksBuildPhase;
			buildActionMask = 2147483647;
			files = (
			);
			runOnlyForDeploymentPostprocessing = 0;
		};
		6094E0B22F0C9A5F002BA721 /* Frameworks */ = {
			isa = PBXFrameworksBuildPhase;
			buildActionMask = 2147483647;
			files = (
			);
			runOnlyForDeploymentPostprocessing = 0;
		};
		6094E0BD2F0C9A5F002BA721 /* Frameworks */ = {
			isa = PBXFrameworksBuildPhase;
			buildActionMask = 2147483647;
			files = (
			);
			runOnlyForDeploymentPostprocessing = 0;
		};
		6094E0C72F0C9A5F002BA721 /* Frameworks */ = {
			isa = PBXFrameworksBuildPhase;
			buildActionMask = 2147483647;
			files = (
			);
			runOnlyForDeploymentPostprocessing = 0;
		};
/* End PBXFrameworksBuildPhase section */

/* Begin PBXGroup section */
		6094E0862F0C9A5D002BA721 = {
			isa = PBXGroup;
			children = (
				6082B8912F187CC300FAE356 /* LICENSE */,
				6082B8922F187CC300FAE356 /* README.md */,
				6094E08B2F0C9A5E002BA721 /* Shared (App) */,
				6094E0942F0C9A5F002BA721 /* Shared (Extension) */,
				6094E0A52F0C9A5F002BA721 /* iOS (App) */,
				6094E0B62F0C9A5F002BA721 /* macOS (App) */,
				6094E0C42F0C9A5F002BA721 /* iOS (Extension) */,
				6094E0CE2F0C9A5F002BA721 /* macOS (Extension) */,
				6094E0A42F0C9A5F002BA721 /* Products */,
			);
			sourceTree = "<group>";
		};
		6094E0A42F0C9A5F002BA721 /* Products */ = {
			isa = PBXGroup;
			children = (
				6094E0A32F0C9A5F002BA721 /* QuickSelect.app */,
				6094E0B52F0C9A5F002BA721 /* QuickSelect.app */,
				6094E0C02F0C9A5F002BA721 /* QuickSelect Extension.appex */,
				6094E0CA2F0C9A5F002BA721 /* QuickSelect Extension.appex */,
			);
			name = Products;
			sourceTree = "<group>";
		};
/* End PBXGroup section */

/* Begin PBXNativeTarget section */
		6094E0A22F0C9A5F002BA721 /* QuickSelect (iOS) */ = {
			isa = PBXNativeTarget;
			buildConfigurationList = 6094E0F42F0C9A5F002BA721 /* Build configuration list for PBXNativeTarget "QuickSelect (iOS)" */;
			buildPhases = (
				6094E09F2F0C9A5F002BA721 /* Sources */,
				6094E0A02F0C9A5F002BA721 /* Frameworks */,
				6094E0A12F0C9A5F002BA721 /* Resources */,
				6094E0F32F0C9A5F002BA721 /* Embed Foundation Extensions */,
			);
			buildRules = (
			);
			dependencies = (
				6094E0C32F0C9A5F002BA721 /* PBXTargetDependency */,
			);
			fileSystemSynchronizedGroups = (
				6094E0A52F0C9A5F002BA721 /* iOS (App) */,
			);
			name = "QuickSelect (iOS)";
			packageProductDependencies = (
			);
			productName = "QuickSelect (iOS)";
			productReference = 6094E0A32F0C9A5F002BA721 /* QuickSelect.app */;
			productType = "com.apple.product-type.application";
		};
		6094E0B42F0C9A5F002BA721 /* QuickSelect (macOS) */ = {
			isa = PBXNativeTarget;
			buildConfigurationList = 6094E0FE2F0C9A5F002BA721 /* Build configuration list for PBXNativeTarget "QuickSelect (macOS)" */;
			buildPhases = (
				6094E0B12F0C9A5F002BA721 /* Sources */,
				6094E0B22F0C9A5F002BA721 /* Frameworks */,
				6094E0B32F0C9A5F002BA721 /* Resources */,
				6094E0FD2F0C9A5F002BA721 /* Embed Foundation Extensions */,
			);
			buildRules = (
			);
			dependencies = (
				6094E0CD2F0C9A5F002BA721 /* PBXTargetDependency */,
			);
			fileSystemSynchronizedGroups = (
				6094E0B62F0C9A5F002BA721 /* macOS (App) */,
			);
			name = "QuickSelect (macOS)";
			packageProductDependencies = (
			);
			productName = "QuickSelect (macOS)";
			productReference = 6094E0B52F0C9A5F002BA721 /* QuickSelect.app */;
			productType = "com.apple.product-type.application";
		};
		6094E0BF2F0C9A5F002BA721 /* QuickSelect Extension (iOS) */ = {
			isa = PBXNativeTarget;
			buildConfigurationList = 6094E0EF2F0C9A5F002BA721 /* Build configuration list for PBXNativeTarget "QuickSelect Extension (iOS)" */;
			buildPhases = (
				6094E0BC2F0C9A5F002BA721 /* Sources */,
				6094E0BD2F0C9A5F002BA721 /* Frameworks */,
				6094E0BE2F0C9A5F002BA721 /* Resources */,
			);
			buildRules = (
			);
			dependencies = (
			);
			fileSystemSynchronizedGroups = (
				6094E0C42F0C9A5F002BA721 /* iOS (Extension) */,
			);
			name = "QuickSelect Extension (iOS)";
			packageProductDependencies = (
			);
			productName = "QuickSelect Extension (iOS)";
			productReference = 6094E0C02F0C9A5F002BA721 /* QuickSelect Extension.appex */;
			productType = "com.apple.product-type.app-extension";
		};
		6094E0C92F0C9A5F002BA721 /* QuickSelect Extension (macOS) */ = {
			isa = PBXNativeTarget;
			buildConfigurationList = 6094E0F92F0C9A5F002BA721 /* Build configuration list for PBXNativeTarget "QuickSelect Extension (macOS)" */;
			buildPhases = (
				6094E0C62F0C9A5F002BA721 /* Sources */,
				6094E0C72F0C9A5F002BA721 /* Frameworks */,
				6094E0C82F0C9A5F002BA721 /* Resources */,
			);
			buildRules = (
			);
			dependencies = (
			);
			fileSystemSynchronizedGroups = (
				6094E0CE2F0C9A5F002BA721 /* macOS (Extension) */,
			);
			name = "QuickSelect Extension (macOS)";
			packageProductDependencies = (
			);
			productName = "QuickSelect Extension (macOS)";
			productReference = 6094E0CA2F0C9A5F002BA721 /* QuickSelect Extension.appex */;
			productType = "com.apple.product-type.app-extension";
		};
/* End PBXNativeTarget section */

/* Begin PBXProject section */
		6094E0872F0C9A5D002BA721 /* Project object */ = {
			isa = PBXProject;
			attributes = {
				BuildIndependentTargetsInParallel = 1;
				LastSwiftUpdateCheck = 2620;
				LastUpgradeCheck = 2620;
				TargetAttributes = {
					6094E0A22F0C9A5F002BA721 = {
						CreatedOnToolsVersion = 26.2;
					};
					6094E0B42F0C9A5F002BA721 = {
						CreatedOnToolsVersion = 26.2;
					};
					6094E0BF2F0C9A5F002BA721 = {
						CreatedOnToolsVersion = 26.2;
					};
					6094E0C92F0C9A5F002BA721 = {
						CreatedOnToolsVersion = 26.2;
					};
				};
			};
			buildConfigurationList = 6094E08A2F0C9A5D002BA721 /* Build configuration list for PBXProject "QuickSelect" */;
			developmentRegion = en;
			hasScannedForEncodings = 0;
			knownRegions = (
				en,
				Base,
			);
			mainGroup = 6094E0862F0C9A5D002BA721;
			minimizedProjectReferenceProxies = 1;
			preferredProjectObjectVersion = 77;
			productRefGroup = 6094E0A42F0C9A5F002BA721 /* Products */;
			projectDirPath = "";
			projectRoot = "";
			targets = (
				6094E0A22F0C9A5F002BA721 /* QuickSelect (iOS) */,
				6094E0B42F0C9A5F002BA721 /* QuickSelect (macOS) */,
				6094E0BF2F0C9A5F002BA721 /* QuickSelect Extension (iOS) */,
				6094E0C92F0C9A5F002BA721 /* QuickSelect Extension (macOS) */,
			);
		};
/* End PBXProject section */

/* Begin PBXResourcesBuildPhase section */
		6094E0A12F0C9A5F002BA721 /* Resources */ = {
			isa = PBXResourcesBuildPhase;
			buildActionMask = 2147483647;
			files = (
			);
			runOnlyForDeploymentPostprocessing = 0;
		};
		6094E0B32F0C9A5F002BA721 /* Resources */ = {
			isa = PBXResourcesBuildPhase;
			buildActionMask = 2147483647;
			files = (
			);
			runOnlyForDeploymentPostprocessing = 0;
		};
		6094E0BE2F0C9A5F002BA721 /* Resources */ = {
			isa = PBXResourcesBuildPhase;
			buildActionMask = 2147483647;
			files = (
			);
			runOnlyForDeploymentPostprocessing = 0;
		};
		6094E0C82F0C9A5F002BA721 /* Resources */ = {
			isa = PBXResourcesBuildPhase;
			buildActionMask = 2147483647;
			files = (
			);
			runOnlyForDeploymentPostprocessing = 0;
		};
/* End PBXResourcesBuildPhase section */

/* Begin PBXSourcesBuildPhase section */
		6094E09F2F0C9A5F002BA721 /* Sources */ = {
			isa = PBXSourcesBuildPhase;
			buildActionMask = 2147483647;
			files = (
			);
			runOnlyForDeploymentPostprocessing = 0;
		};
		6094E0B12F0C9A5F002BA721 /* Sources */ = {
			isa = PBXSourcesBuildPhase;
			buildActionMask = 2147483647;
			files = (
			);
			runOnlyForDeploymentPostprocessing = 0;
		};
		6094E0BC2F0C9A5F002BA721 /* Sources */ = {
			isa = PBXSourcesBuildPhase;
			buildActionMask = 2147483647;
			files = (
			);
			runOnlyForDeploymentPostprocessing = 0;
		};
		6094E0C62F0C9A5F002BA721 /* Sources */ = {
			isa = PBXSourcesBuildPhase;
			buildActionMask = 2147483647;
			files = (
			);
			runOnlyForDeploymentPostprocessing = 0;
		};
/* End PBXSourcesBuildPhase section */

/* Begin PBXTargetDependency section */
		6094E0C32F0C9A5F002BA721 /* PBXTargetDependency */ = {
			isa = PBXTargetDependency;
			target = 6094E0BF2F0C9A5F002BA721 /* QuickSelect Extension (iOS) */;
			targetProxy = 6094E0C22F0C9A5F002BA721 /* PBXContainerItemProxy */;
		};
		6094E0CD2F0C9A5F002BA721 /* PBXTargetDependency */ = {
			isa = PBXTargetDependency;
			target = 6094E0C92F0C9A5F002BA721 /* QuickSelect Extension (macOS) */;
			targetProxy = 6094E0CC2F0C9A5F002BA721 /* PBXContainerItemProxy */;
		};
/* End PBXTargetDependency section */

/* Begin XCBuildConfiguration section */
		6094E0F02F0C9A5F002BA721 /* Debug */ = {
			isa = XCBuildConfiguration;
			buildSettings = {
				CODE_SIGN_STYLE = Automatic;
				CURRENT_PROJECT_VERSION = 1;
				DEVELOPMENT_TEAM = R3F5JGKA7W;
				GENERATE_INFOPLIST_FILE = YES;
				INFOPLIST_FILE = "iOS (Extension)/Info.plist";
				INFOPLIST_KEY_CFBundleDisplayName = "QuickSelect Extension";
				INFOPLIST_KEY_NSHumanReadableCopyright = "";
				IPHONEOS_DEPLOYMENT_TARGET = 16.6;
				LD_RUNPATH_SEARCH_PATHS = (
					"$(inherited)",
					"@executable_path/Frameworks",
					"@executable_path/../../Frameworks",
				);
				MARKETING_VERSION = 1.0;
				OTHER_LDFLAGS = (
					"-framework",
					SafariServices,
				);
				PRODUCT_BUNDLE_IDENTIFIER = com.hkitago.QuickSelect.Extension;
				PRODUCT_NAME = "QuickSelect Extension";
				SDKROOT = iphoneos;
				SKIP_INSTALL = YES;
				STRING_CATALOG_GENERATE_SYMBOLS = YES;
				SWIFT_APPROACHABLE_CONCURRENCY = YES;
				SWIFT_EMIT_LOC_STRINGS = YES;
				SWIFT_UPCOMING_FEATURE_MEMBER_IMPORT_VISIBILITY = YES;
				SWIFT_VERSION = 5.0;
				TARGETED_DEVICE_FAMILY = "1,2";
			};
			name = Debug;
		};
		6094E0F12F0C9A5F002BA721 /* Release */ = {
			isa = XCBuildConfiguration;
			buildSettings = {
				CODE_SIGN_STYLE = Automatic;
				CURRENT_PROJECT_VERSION = 1;
				DEVELOPMENT_TEAM = R3F5JGKA7W;
				GENERATE_INFOPLIST_FILE = YES;
				INFOPLIST_FILE = "iOS (Extension)/Info.plist";
				INFOPLIST_KEY_CFBundleDisplayName = "QuickSelect Extension";
				INFOPLIST_KEY_NSHumanReadableCopyright = "";
				IPHONEOS_DEPLOYMENT_TARGET = 16.6;
				LD_RUNPATH_SEARCH_PATHS = (
					"$(inherited)",
					"@executable_path/Frameworks",
					"@executable_path/../../Frameworks",
				);
				MARKETING_VERSION = 1.0;
				OTHER_LDFLAGS = (
					"-framework",
					SafariServices,
				);
				PRODUCT_BUNDLE_IDENTIFIER = com.hkitago.QuickSelect.Extension;
				PRODUCT_NAME = "QuickSelect Extension";
				SDKROOT = iphoneos;
				SKIP_INSTALL = YES;
				STRING_CATALOG_GENERATE_SYMBOLS = YES;
				SWIFT_APPROACHABLE_CONCURRENCY = YES;
				SWIFT_EMIT_LOC_STRINGS = YES;
				SWIFT_UPCOMING_FEATURE_MEMBER_IMPORT_VISIBILITY = YES;
				SWIFT_VERSION = 5.0;
				TARGETED_DEVICE_FAMILY = "1,2";
				VALIDATE_PRODUCT = YES;
			};
			name = Release;
		};
		6094E0F52F0C9A5F002BA721 /* Debug */ = {
			isa = XCBuildConfiguration;
			buildSettings = {
				ASSETCATALOG_COMPILER_APPICON_NAME = AppIcon;
				ASSETCATALOG_COMPILER_GLOBAL_ACCENT_COLOR_NAME = AccentColor;
				CODE_SIGN_STYLE = Automatic;
				CURRENT_PROJECT_VERSION = 1;
				DEVELOPMENT_TEAM = R3F5JGKA7W;
				GENERATE_INFOPLIST_FILE = YES;
				INFOPLIST_FILE = "iOS (App)/Info.plist";
				INFOPLIST_KEY_CFBundleDisplayName = QuickSelect;
				INFOPLIST_KEY_LSApplicationCategoryType = "public.app-category.utilities";
				INFOPLIST_KEY_UIApplicationSupportsIndirectInputEvents = YES;
				INFOPLIST_KEY_UILaunchStoryboardName = LaunchScreen;
				INFOPLIST_KEY_UIMainStoryboardFile = Main;
				INFOPLIST_KEY_UISupportedInterfaceOrientations = "UIInterfaceOrientationPortrait UIInterfaceOrientationLandscapeLeft UIInterfaceOrientationLandscapeRight";
				INFOPLIST_KEY_UISupportedInterfaceOrientations_iPad = "UIInterfaceOrientationPortrait UIInterfaceOrientationPortraitUpsideDown UIInterfaceOrientationLandscapeLeft UIInterfaceOrientationLandscapeRight";
				IPHONEOS_DEPLOYMENT_TARGET = 16.6;
				LD_RUNPATH_SEARCH_PATHS = (
					"$(inherited)",
					"@executable_path/Frameworks",
				);
				MARKETING_VERSION = 1.0;
				OTHER_LDFLAGS = (
					"-framework",
					SafariServices,
					"-framework",
					WebKit,
				);
				PRODUCT_BUNDLE_IDENTIFIER = com.hkitago.QuickSelect;
				PRODUCT_NAME = QuickSelect;
				SDKROOT = iphoneos;
				STRING_CATALOG_GENERATE_SYMBOLS = YES;
				SWIFT_APPROACHABLE_CONCURRENCY = YES;
				SWIFT_DEFAULT_ACTOR_ISOLATION = MainActor;
				SWIFT_EMIT_LOC_STRINGS = YES;
				SWIFT_UPCOMING_FEATURE_MEMBER_IMPORT_VISIBILITY = YES;
				SWIFT_VERSION = 5.0;
				TARGETED_DEVICE_FAMILY = "1,2";
			};
			name = Debug;
		};
		6094E0F62F0C9A5F002BA721 /* Release */ = {
			isa = XCBuildConfiguration;
			buildSettings = {
				ASSETCATALOG_COMPILER_APPICON_NAME = AppIcon;
				ASSETCATALOG_COMPILER_GLOBAL_ACCENT_COLOR_NAME = AccentColor;
				CODE_SIGN_STYLE = Automatic;
				CURRENT_PROJECT_VERSION = 1;
				DEVELOPMENT_TEAM = R3F5JGKA7W;
				GENERATE_INFOPLIST_FILE = YES;
				INFOPLIST_FILE = "iOS (App)/Info.plist";
				INFOPLIST_KEY_CFBundleDisplayName = QuickSelect;
				INFOPLIST_KEY_LSApplicationCategoryType = "public.app-category.utilities";
				INFOPLIST_KEY_UIApplicationSupportsIndirectInputEvents = YES;
				INFOPLIST_KEY_UILaunchStoryboardName = LaunchScreen;
				INFOPLIST_KEY_UIMainStoryboardFile = Main;
				INFOPLIST_KEY_UISupportedInterfaceOrientations = "UIInterfaceOrientationPortrait UIInterfaceOrientationLandscapeLeft UIInterfaceOrientationLandscapeRight";
				INFOPLIST_KEY_UISupportedInterfaceOrientations_iPad = "UIInterfaceOrientationPortrait UIInterfaceOrientationPortraitUpsideDown UIInterfaceOrientationLandscapeLeft UIInterfaceOrientationLandscapeRight";
				IPHONEOS_DEPLOYMENT_TARGET = 16.6;
				LD_RUNPATH_SEARCH_PATHS = (
					"$(inherited)",
					"@executable_path/Frameworks",
				);
				MARKETING_VERSION = 1.0;
				OTHER_LDFLAGS = (
					"-framework",
					SafariServices,
					"-framework",
					WebKit,
				);
				PRODUCT_BUNDLE_IDENTIFIER = com.hkitago.QuickSelect;
				PRODUCT_NAME = QuickSelect;
				SDKROOT = iphoneos;
				STRING_CATALOG_GENERATE_SYMBOLS = YES;
				SWIFT_APPROACHABLE_CONCURRENCY = YES;
				SWIFT_DEFAULT_ACTOR_ISOLATION = MainActor;
				SWIFT_EMIT_LOC_STRINGS = YES;
				SWIFT_UPCOMING_FEATURE_MEMBER_IMPORT_VISIBILITY = YES;
				SWIFT_VERSION = 5.0;
				TARGETED_DEVICE_FAMILY = "1,2";
				VALIDATE_PRODUCT = YES;
			};
			name = Release;
		};
		6094E0FA2F0C9A5F002BA721 /* Debug */ = {
			isa = XCBuildConfiguration;
			buildSettings = {
				CODE_SIGN_STYLE = Automatic;
				CURRENT_PROJECT_VERSION = 1;
				DEVELOPMENT_TEAM = R3F5JGKA7W;
				ENABLE_APP_SANDBOX = YES;
				ENABLE_HARDENED_RUNTIME = YES;
				ENABLE_USER_SELECTED_FILES = readonly;
				GENERATE_INFOPLIST_FILE = YES;
				INFOPLIST_FILE = "macOS (Extension)/Info.plist";
				INFOPLIST_KEY_CFBundleDisplayName = "QuickSelect Extension";
				INFOPLIST_KEY_NSHumanReadableCopyright = "";
				LD_RUNPATH_SEARCH_PATHS = (
					"$(inherited)",
					"@executable_path/../Frameworks",
					"@executable_path/../../../../Frameworks",
				);
				MACOSX_DEPLOYMENT_TARGET = 12.4;
				MARKETING_VERSION = 1.0;
				OTHER_LDFLAGS = (
					"-framework",
					SafariServices,
				);
				PRODUCT_BUNDLE_IDENTIFIER = com.hkitago.QuickSelect.Extension;
				PRODUCT_NAME = "QuickSelect Extension";
				SDKROOT = macosx;
				SKIP_INSTALL = YES;
				STRING_CATALOG_GENERATE_SYMBOLS = YES;
				SWIFT_APPROACHABLE_CONCURRENCY = YES;
				SWIFT_EMIT_LOC_STRINGS = YES;
				SWIFT_UPCOMING_FEATURE_MEMBER_IMPORT_VISIBILITY = YES;
				SWIFT_VERSION = 5.0;
			};
			name = Debug;
		};
		6094E0FB2F0C9A5F002BA721 /* Release */ = {
			isa = XCBuildConfiguration;
			buildSettings = {
				CODE_SIGN_STYLE = Automatic;
				CURRENT_PROJECT_VERSION = 1;
				DEVELOPMENT_TEAM = R3F5JGKA7W;
				ENABLE_APP_SANDBOX = YES;
				ENABLE_HARDENED_RUNTIME = YES;
				ENABLE_USER_SELECTED_FILES = readonly;
				GENERATE_INFOPLIST_FILE = YES;
				INFOPLIST_FILE = "macOS (Extension)/Info.plist";
				INFOPLIST_KEY_CFBundleDisplayName = "QuickSelect Extension";
				INFOPLIST_KEY_NSHumanReadableCopyright = "";
				LD_RUNPATH_SEARCH_PATHS = (
					"$(inherited)",
					"@executable_path/../Frameworks",
					"@executable_path/../../../../Frameworks",
				);
				MACOSX_DEPLOYMENT_TARGET = 12.4;
				MARKETING_VERSION = 1.0;
				OTHER_LDFLAGS = (
					"-framework",
					SafariServices,
				);
				PRODUCT_BUNDLE_IDENTIFIER = com.hkitago.QuickSelect.Extension;
				PRODUCT_NAME = "QuickSelect Extension";
				SDKROOT = macosx;
				SKIP_INSTALL = YES;
				STRING_CATALOG_GENERATE_SYMBOLS = YES;
				SWIFT_APPROACHABLE_CONCURRENCY = YES;
				SWIFT_EMIT_LOC_STRINGS = YES;
				SWIFT_UPCOMING_FEATURE_MEMBER_IMPORT_VISIBILITY = YES;
				SWIFT_VERSION = 5.0;
			};
			name = Release;
		};
		6094E0FF2F0C9A5F002BA721 /* Debug */ = {
			isa = XCBuildConfiguration;
			buildSettings = {
				ASSETCATALOG_COMPILER_APPICON_NAME = AppIcon;
				ASSETCATALOG_COMPILER_GLOBAL_ACCENT_COLOR_NAME = AccentColor;
				CODE_SIGN_STYLE = Automatic;
				CURRENT_PROJECT_VERSION = 1;
				DEVELOPMENT_TEAM = R3F5JGKA7W;
				ENABLE_APP_SANDBOX = YES;
				ENABLE_HARDENED_RUNTIME = YES;
				ENABLE_OUTGOING_NETWORK_CONNECTIONS = YES;
				ENABLE_USER_SELECTED_FILES = readonly;
				GENERATE_INFOPLIST_FILE = YES;
				INFOPLIST_KEY_CFBundleDisplayName = QuickSelect;
				INFOPLIST_KEY_LSApplicationCategoryType = "public.app-category.utilities";
				INFOPLIST_KEY_NSMainStoryboardFile = Main;
				INFOPLIST_KEY_NSPrincipalClass = NSApplication;
				LD_RUNPATH_SEARCH_PATHS = (
					"$(inherited)",
					"@executable_path/../Frameworks",
				);
				MACOSX_DEPLOYMENT_TARGET = 12.4;
				MARKETING_VERSION = 1.0;
				OTHER_LDFLAGS = (
					"-framework",
					SafariServices,
					"-framework",
					WebKit,
				);
				PRODUCT_BUNDLE_IDENTIFIER = com.hkitago.QuickSelect;
				PRODUCT_NAME = QuickSelect;
				REGISTER_APP_GROUPS = YES;
				SDKROOT = macosx;
				STRING_CATALOG_GENERATE_SYMBOLS = YES;
				SWIFT_APPROACHABLE_CONCURRENCY = YES;
				SWIFT_DEFAULT_ACTOR_ISOLATION = MainActor;
				SWIFT_EMIT_LOC_STRINGS = YES;
				SWIFT_UPCOMING_FEATURE_MEMBER_IMPORT_VISIBILITY = YES;
				SWIFT_VERSION = 5.0;
			};
			name = Debug;
		};
		6094E1002F0C9A5F002BA721 /* Release */ = {
			isa = XCBuildConfiguration;
			buildSettings = {
				ASSETCATALOG_COMPILER_APPICON_NAME = AppIcon;
				ASSETCATALOG_COMPILER_GLOBAL_ACCENT_COLOR_NAME = AccentColor;
				CODE_SIGN_STYLE = Automatic;
				CURRENT_PROJECT_VERSION = 1;
				DEVELOPMENT_TEAM = R3F5JGKA7W;
				ENABLE_APP_SANDBOX = YES;
				ENABLE_HARDENED_RUNTIME = YES;
				ENABLE_OUTGOING_NETWORK_CONNECTIONS = YES;
				ENABLE_USER_SELECTED_FILES = readonly;
				GENERATE_INFOPLIST_FILE = YES;
				INFOPLIST_KEY_CFBundleDisplayName = QuickSelect;
				INFOPLIST_KEY_LSApplicationCategoryType = "public.app-category.utilities";
				INFOPLIST_KEY_NSMainStoryboardFile = Main;
				INFOPLIST_KEY_NSPrincipalClass = NSApplication;
				LD_RUNPATH_SEARCH_PATHS = (
					"$(inherited)",
					"@executable_path/../Frameworks",
				);
				MACOSX_DEPLOYMENT_TARGET = 12.4;
				MARKETING_VERSION = 1.0;
				OTHER_LDFLAGS = (
					"-framework",
					SafariServices,
					"-framework",
					WebKit,
				);
				PRODUCT_BUNDLE_IDENTIFIER = com.hkitago.QuickSelect;
				PRODUCT_NAME = QuickSelect;
				REGISTER_APP_GROUPS = YES;
				SDKROOT = macosx;
				STRING_CATALOG_GENERATE_SYMBOLS = YES;
				SWIFT_APPROACHABLE_CONCURRENCY = YES;
				SWIFT_DEFAULT_ACTOR_ISOLATION = MainActor;
				SWIFT_EMIT_LOC_STRINGS = YES;
				SWIFT_UPCOMING_FEATURE_MEMBER_IMPORT_VISIBILITY = YES;
				SWIFT_VERSION = 5.0;
			};
			name = Release;
		};
		6094E1032F0C9A5F002BA721 /* Debug */ = {
			isa = XCBuildConfiguration;
			buildSettings = {
				ALWAYS_SEARCH_USER_PATHS = NO;
				ASSETCATALOG_COMPILER_GENERATE_SWIFT_ASSET_SYMBOL_EXTENSIONS = YES;
				CLANG_ANALYZER_NONNULL = YES;
				CLANG_ANALYZER_NUMBER_OBJECT_CONVERSION = YES_AGGRESSIVE;
				CLANG_CXX_LANGUAGE_STANDARD = "gnu++20";
				CLANG_ENABLE_MODULES = YES;
				CLANG_ENABLE_OBJC_ARC = YES;
				CLANG_ENABLE_OBJC_WEAK = YES;
				CLANG_WARN_BLOCK_CAPTURE_AUTORELEASING = YES;
				CLANG_WARN_BOOL_CONVERSION = YES;
				CLANG_WARN_COMMA = YES;
				CLANG_WARN_CONSTANT_CONVERSION = YES;
				CLANG_WARN_DEPRECATED_OBJC_IMPLEMENTATIONS = YES;
				CLANG_WARN_DIRECT_OBJC_ISA_USAGE = YES_ERROR;
				CLANG_WARN_DOCUMENTATION_COMMENTS = YES;
				CLANG_WARN_EMPTY_BODY = YES;
				CLANG_WARN_ENUM_CONVERSION = YES;
				CLANG_WARN_INFINITE_RECURSION = YES;
				CLANG_WARN_INT_CONVERSION = YES;
				CLANG_WARN_NON_LITERAL_NULL_CONVERSION = YES;
				CLANG_WARN_OBJC_IMPLICIT_RETAIN_SELF = YES;
				CLANG_WARN_OBJC_LITERAL_CONVERSION = YES;
				CLANG_WARN_OBJC_ROOT_CLASS = YES_ERROR;
				CLANG_WARN_QUOTED_INCLUDE_IN_FRAMEWORK_HEADER = YES;
				CLANG_WARN_RANGE_LOOP_ANALYSIS = YES;
				CLANG_WARN_STRICT_PROTOTYPES = YES;
				CLANG_WARN_SUSPICIOUS_MOVE = YES;
				CLANG_WARN_UNGUARDED_AVAILABILITY = YES_AGGRESSIVE;
				CLANG_WARN_UNREACHABLE_CODE = YES;
				CLANG_WARN__DUPLICATE_METHOD_MATCH = YES;
				COPY_PHASE_STRIP = NO;
				DEBUG_INFORMATION_FORMAT = dwarf;
				DEVELOPMENT_TEAM = R3F5JGKA7W;
				ENABLE_STRICT_OBJC_MSGSEND = YES;
				ENABLE_TESTABILITY = YES;
				ENABLE_USER_SCRIPT_SANDBOXING = YES;
				GCC_C_LANGUAGE_STANDARD = gnu17;
				GCC_DYNAMIC_NO_PIC = NO;
				GCC_NO_COMMON_BLOCKS = YES;
				GCC_OPTIMIZATION_LEVEL = 0;
				GCC_PREPROCESSOR_DEFINITIONS = (
					"DEBUG=1",
					"$(inherited)",
				);
				GCC_WARN_64_TO_32_BIT_CONVERSION = YES;
				GCC_WARN_ABOUT_RETURN_TYPE = YES_ERROR;
				GCC_WARN_UNDECLARED_SELECTOR = YES;
				GCC_WARN_UNINITIALIZED_AUTOS = YES_AGGRESSIVE;
				GCC_WARN_UNUSED_FUNCTION = YES;
				GCC_WARN_UNUSED_VARIABLE = YES;
				LOCALIZATION_PREFERS_STRING_CATALOGS = YES;
				MTL_ENABLE_DEBUG_INFO = INCLUDE_SOURCE;
				MTL_FAST_MATH = YES;
				ONLY_ACTIVE_ARCH = YES;
				SWIFT_ACTIVE_COMPILATION_CONDITIONS = "DEBUG $(inherited)";
				SWIFT_OPTIMIZATION_LEVEL = "-Onone";
			};
			name = Debug;
		};
		6094E1042F0C9A5F002BA721 /* Release */ = {
			isa = XCBuildConfiguration;
			buildSettings = {
				ALWAYS_SEARCH_USER_PATHS = NO;
				ASSETCATALOG_COMPILER_GENERATE_SWIFT_ASSET_SYMBOL_EXTENSIONS = YES;
				CLANG_ANALYZER_NONNULL = YES;
				CLANG_ANALYZER_NUMBER_OBJECT_CONVERSION = YES_AGGRESSIVE;
				CLANG_CXX_LANGUAGE_STANDARD = "gnu++20";
				CLANG_ENABLE_MODULES = YES;
				CLANG_ENABLE_OBJC_ARC = YES;
				CLANG_ENABLE_OBJC_WEAK = YES;
				CLANG_WARN_BLOCK_CAPTURE_AUTORELEASING = YES;
				CLANG_WARN_BOOL_CONVERSION = YES;
				CLANG_WARN_COMMA = YES;
				CLANG_WARN_CONSTANT_CONVERSION = YES;
				CLANG_WARN_DEPRECATED_OBJC_IMPLEMENTATIONS = YES;
				CLANG_WARN_DIRECT_OBJC_ISA_USAGE = YES_ERROR;
				CLANG_WARN_DOCUMENTATION_COMMENTS = YES;
				CLANG_WARN_EMPTY_BODY = YES;
				CLANG_WARN_ENUM_CONVERSION = YES;
				CLANG_WARN_INFINITE_RECURSION = YES;
				CLANG_WARN_INT_CONVERSION = YES;
				CLANG_WARN_NON_LITERAL_NULL_CONVERSION = YES;
				CLANG_WARN_OBJC_IMPLICIT_RETAIN_SELF = YES;
				CLANG_WARN_OBJC_LITERAL_CONVERSION = YES;
				CLANG_WARN_OBJC_ROOT_CLASS = YES_ERROR;
				CLANG_WARN_QUOTED_INCLUDE_IN_FRAMEWORK_HEADER = YES;
				CLANG_WARN_RANGE_LOOP_ANALYSIS = YES;
				CLANG_WARN_STRICT_PROTOTYPES = YES;
				CLANG_WARN_SUSPICIOUS_MOVE = YES;
				CLANG_WARN_UNGUARDED_AVAILABILITY = YES_AGGRESSIVE;
				CLANG_WARN_UNREACHABLE_CODE = YES;
				CLANG_WARN__DUPLICATE_METHOD_MATCH = YES;
				COPY_PHASE_STRIP = NO;
				DEBUG_INFORMATION_FORMAT = "dwarf-with-dsym";
				DEVELOPMENT_TEAM = R3F5JGKA7W;
				ENABLE_NS_ASSERTIONS = NO;
				ENABLE_STRICT_OBJC_MSGSEND = YES;
				ENABLE_USER_SCRIPT_SANDBOXING = YES;
				GCC_C_LANGUAGE_STANDARD = gnu17;
				GCC_NO_COMMON_BLOCKS = YES;
				GCC_WARN_64_TO_32_BIT_CONVERSION = YES;
				GCC_WARN_ABOUT_RETURN_TYPE = YES_ERROR;
				GCC_WARN_UNDECLARED_SELECTOR = YES;
				GCC_WARN_UNINITIALIZED_AUTOS = YES_AGGRESSIVE;
				GCC_WARN_UNUSED_FUNCTION = YES;
				GCC_WARN_UNUSED_VARIABLE = YES;
				LOCALIZATION_PREFERS_STRING_CATALOGS = YES;
				MTL_ENABLE_DEBUG_INFO = NO;
				MTL_FAST_MATH = YES;
				SWIFT_COMPILATION_MODE = wholemodule;
			};
			name = Release;
		};
/* End XCBuildConfiguration section */

/* Begin XCConfigurationList section */
		6094E08A2F0C9A5D002BA721 /* Build configuration list for PBXProject "QuickSelect" */ = {
			isa = XCConfigurationList;
			buildConfigurations = (
				6094E1032F0C9A5F002BA721 /* Debug */,
				6094E1042F0C9A5F002BA721 /* Release */,
			);
			defaultConfigurationIsVisible = 0;
			defaultConfigurationName = Release;
		};
		6094E0EF2F0C9A5F002BA721 /* Build configuration list for PBXNativeTarget "QuickSelect Extension (iOS)" */ = {
			isa = XCConfigurationList;
			buildConfigurations = (
				6094E0F02F0C9A5F002BA721 /* Debug */,
				6094E0F12F0C9A5F002BA721 /* Release */,
			);
			defaultConfigurationIsVisible = 0;
			defaultConfigurationName = Release;
		};
		6094E0F42F0C9A5F002BA721 /* Build configuration list for PBXNativeTarget "QuickSelect (iOS)" */ = {
			isa = XCConfigurationList;
			buildConfigurations = (
				6094E0F52F0C9A5F002BA721 /* Debug */,
				6094E0F62F0C9A5F002BA721 /* Release */,
			);
			defaultConfigurationIsVisible = 0;
			defaultConfigurationName = Release;
		};
		6094E0F92F0C9A5F002BA721 /* Build configuration list for PBXNativeTarget "QuickSelect Extension (macOS)" */ = {
			isa = XCConfigurationList;
			buildConfigurations = (
				6094E0FA2F0C9A5F002BA721 /* Debug */,
				6094E0FB2F0C9A5F002BA721 /* Release */,
			);
			defaultConfigurationIsVisible = 0;
			defaultConfigurationName = Release;
		};
		6094E0FE2F0C9A5F002BA721 /* Build configuration list for PBXNativeTarget "QuickSelect (macOS)" */ = {
			isa = XCConfigurationList;
			buildConfigurations = (
				6094E0FF2F0C9A5F002BA721 /* Debug */,
				6094E1002F0C9A5F002BA721 /* Release */,
			);
			defaultConfigurationIsVisible = 0;
			defaultConfigurationName = Release;
		};
/* End XCConfigurationList section */
	};
	rootObject = 6094E0872F0C9A5D002BA721 /* Project object */;
}
